
Microsoft Visual Studio Solution File, Format Version 12.00
# Visual Studio Version 17
VisualStudioVersion = 17.0.31903.59
MinimumVisualStudioVersion = 10.0.40219.1
Project("{2150E333-8FDC-42A3-9474-1A3956D46DE8}") = "src", "src", "{8DE85B19-C610-49B3-BBA2-C03CDCC34FC6}"
EndProject
Project("{FAE04EC0-301F-11D3-BF4B-00C04F79EFBC}") = "AutoGIS.Civil3D.Handoff", "src\AutoGIS.Civil3D.Handoff\AutoGIS.Civil3D.Handoff.csproj", "{3957B285-FE7B-468A-9D12-527E69B2B8DF}"
EndProject
Project("{FAE04EC0-301F-11D3-BF4B-00C04F79EFBC}") = "AutoGIS.Civil3D.Handoff.Cli", "src\AutoGIS.Civil3D.Handoff.Cli\AutoGIS.Civil3D.Handoff.Cli.csproj", "{20E50C48-B421-4FC1-9B57-8A4ABE9B0BFA}"
EndProject
Project("{2150E333-8FDC-42A3-9474-1A3956D46DE8}") = "tests", "tests", "{A10BEE73-3E63-491E-A2B1-744EBB09C8F9}"
EndProject
Project("{FAE04EC0-301F-11D3-BF4B-00C04F79EFBC}") = "AutoGIS.Civil3D.Handoff.Tests", "tests\AutoGIS.Civil3D.Handoff.Tests\AutoGIS.Civil3D.Handoff.Tests.csproj", "{591019F7-C889-4AD5-9AC0-3080915AFD12}"
EndProject
Project("{2150E333-8FDC-42A3-9474-1A3956D46DE8}") = "tools", "tools", "{3B77C41E-C46D-46BC-B8C2-8DC20246E8FC}"
EndProject
Project("{FAE04EC0-301F-11D3-BF4B-00C04F79EFBC}") = "AutoGIS.Civil3D.FixtureBuilder", "tools\AutoGIS.Civil3D.FixtureBuilder\AutoGIS.Civil3D.FixtureBuilder.csproj", "{D4954A3D-E9A4-4CF1-8299-163D0EC406CE}"
EndProject
Global
	GlobalSection(SolutionConfigurationPlatforms) = preSolution
		Debug|Any CPU = Debug|Any CPU
		Release|Any CPU = Release|Any CPU
	EndGlobalSection
	GlobalSection(SolutionProperties) = preSolution
		HideSolutionNode = FALSE
	EndGlobalSection
	GlobalSection(ProjectConfigurationPlatforms) = postSolution
		{3957B285-FE7B-468A-9D12-527E69B2B8DF}.Debug|Any CPU.ActiveCfg = Debug|Any CPU
		{3957B285-FE7B-468A-9D12-527E69B2B8DF}.Debug|Any CPU.Build.0 = Debug|Any CPU
		{3957B285-FE7B-468A-9D12-527E69B2B8DF}.Release|Any CPU.ActiveCfg = Release|Any CPU
		{3957B285-FE7B-468A-9D12-527E69B2B8DF}.Release|Any CPU.Build.0 = Release|Any CPU
		{20E50C48-B421-4FC1-9B57-8A4ABE9B0BFA}.Debug|Any CPU.ActiveCfg = Debug|Any CPU
		{20E50C48-B421-4FC1-9B57-8A4ABE9B0BFA}.Debug|Any CPU.Build.0 = Debug|Any CPU
		{20E50C48-B421-4FC1-9B57-8A4ABE9B0BFA}.Release|Any CPU.ActiveCfg = Release|Any CPU
		{20E50C48-B421-4FC1-9B57-8A4ABE9B0BFA}.Release|Any CPU.Build.0 = Release|Any CPU
		{591019F7-C889-4AD5-9AC0-3080915AFD12}.Debug|Any CPU.ActiveCfg = Debug|Any CPU
		{591019F7-C889-4AD5-9AC0-3080915AFD12}.Debug|Any CPU.Build.0 = Debug|Any CPU
		{591019F7-C889-4AD5-9AC0-3080915AFD12}.Release|Any CPU.ActiveCfg = Release|Any CPU
		{591019F7-C889-4AD5-9AC0-3080915AFD12}.Release|Any CPU.Build.0 = Release|Any CPU
		{D4954A3D-E9A4-4CF1-8299-163D0EC406CE}.Debug|Any CPU.ActiveCfg = Debug|Any CPU
		{D4954A3D-E9A4-4CF1-8299-163D0EC406CE}.Debug|Any CPU.Build.0 = Debug|Any CPU
		{D4954A3D-E9A4-4CF1-8299-163D0EC406CE}.Release|Any CPU.ActiveCfg = Release|Any CPU
		{D4954A3D-E9A4-4CF1-8299-163D0EC406CE}.Release|Any CPU.Build.0 = Release|Any CPU
	EndGlobalSection
	GlobalSection(NestedProjects) = preSolution
		{3957B285-FE7B-468A-9D12-527E69B2B8DF} = {8DE85B19-C610-49B3-BBA2-C03CDCC34FC6}
		{20E50C48-B421-4FC1-9B57-8A4ABE9B0BFA} = {8DE85B19-C610-49B3-BBA2-C03CDCC34FC6}
		{591019F7-C889-4AD5-9AC0-3080915AFD12} = {A10BEE73-3E63-491E-A2B1-744EBB09C8F9}
		{D4954A3D-E9A4-4CF1-8299-163D0EC406CE} = {3B77C41E-C46D-46BC-B8C2-8DC20246E8FC}
	EndGlobalSection
EndGlobal
